PODS:
  - ACPAnalytics (2.2.1):
    - ACPAnalytics/iOS (= 2.2.1)
    - ACPCore (>= 2.3.3)
  - ACPAnalytics/iOS (2.2.1):
    - ACPCore (>= 2.3.3)
  - ACPCampaign (1.0.4):
    - ACPCampaign/iOS (= 1.0.4)
    - ACPCore (~> 2.0)
  - ACPCampaign/iOS (1.0.4):
    - ACPCore (~> 2.0)
  - ACPCore (2.3.6):
    - ACPCore/iOS (= 2.3.6)
  - ACPCore/iOS (2.3.6)
  - ACPMedia (1.1.1):
    - ACPCore (>= 2.3.3)
    - ACPMedia/iOS (= 1.1.1)
  - ACPMedia/iOS (1.1.1):
    - ACPCore (>= 2.3.3)
  - ACPUserProfile (2.0.1):
    - ACPCore (~> 2.0)
    - ACPUserProfile/iOS (= 2.0.1)
  - ACPUserProfile/iOS (2.0.1):
    - ACPCore (~> 2.0)
  - Flutter (1.0.0)
  - flutter_adobe_experience_platform_plugin (0.0.1):
    - ACPAnalytics (~> 2.0)
    - ACPCampaign (~> 1.0)
    - ACPCore (~> 2.0)
    - ACPMedia (~> 1.0)
    - ACPUserProfile (~> 2.0)
    - Flutter

DEPENDENCIES:
  - Flutter (from `.symlinks/flutter/ios`)
  - flutter_adobe_experience_platform_plugin (from `.symlinks/plugins/flutter_adobe_experience_platform_plugin/ios`)

SPEC REPOS:
  trunk:
    - ACPAnalytics
    - ACPCampaign
    - ACPCore
    - ACPMedia
    - ACPUserProfile

EXTERNAL SOURCES:
  Flutter:
    :path: ".symlinks/flutter/ios"
  flutter_adobe_experience_platform_plugin:
    :path: ".symlinks/plugins/flutter_adobe_experience_platform_plugin/ios"

SPEC CHECKSUMS:
  ACPAnalytics: 117f4a03e07c2c5f51bbcd1855bc500b35ba64c6
  ACPCampaign: a7c285eedd9a436a4c78c6ac9b309c2965acdf68
  ACPCore: 1d3a5b79f172de3d998cf63b5c1538da1dd66f33
  ACPMedia: aae7c25019565d306240860700280c0ad3435eeb
  ACPUserProfile: d5141c8f5154e10e3a08124649ddaae13efd5131
  Flutter: 0e3d915762c693b495b44d77113d4970485de6ec
  flutter_adobe_experience_platform_plugin: 223c80e7a43a5ff4d46a84738cd792cc9530dc4e

PODFILE CHECKSUM: 76d129b135972c734475e303313514f170ca0744

COCOAPODS: 1.8.4
