PODS:
  - ACPAnalytics (2.2.1):
    - ACPAnalytics/iOS (= 2.2.1)
    - ACPCore (>= 2.3.3)
  - ACPAnalytics/iOS (2.2.1):
    - ACPCore (>= 2.3.3)
  - ACPCore (2.3.6):
    - ACPCore/iOS (= 2.3.6)
  - ACPCore/iOS (2.3.6)
  - adobe_analytics (0.0.1):
    - ACPAnalytics (= 2.2.1)
    - ACPCore (= 2.3.6)
    - Flutter
  - Flutter (1.0.0)

DEPENDENCIES:
  - adobe_analytics (from `.symlinks/plugins/adobe_analytics/ios`)
  - Flutter (from `.symlinks/flutter/ios`)

SPEC REPOS:
  trunk:
    - ACPAnalytics
    - ACPCore

EXTERNAL SOURCES:
  adobe_analytics:
    :path: ".symlinks/plugins/adobe_analytics/ios"
  Flutter:
    :path: ".symlinks/flutter/ios"

SPEC CHECKSUMS:
  ACPAnalytics: 117f4a03e07c2c5f51bbcd1855bc500b35ba64c6
  ACPCore: 1d3a5b79f172de3d998cf63b5c1538da1dd66f33
  adobe_analytics: 6e0ae25a8f0b23ab0bd0b0374af3ad180d33e572
  Flutter: 0e3d915762c693b495b44d77113d4970485de6ec

PODFILE CHECKSUM: 76d129b135972c734475e303313514f170ca0744

COCOAPODS: 1.8.4
